<?xml version="1.0" encoding="utf-8"?>
<Project ToolsVersion="4.0" xmlns="http://schemas.microsoft.com/developer/msbuild/2003">
  <ItemGroup>
    <Filter Include="소스 파일">
      <UniqueIdentifier>{4FC737F1-C7A5-4376-A066-2A32D752A2FF}</UniqueIdentifier>
      <Extensions>cpp;c;cc;cxx;c++;cppm;ixx;def;odl;idl;hpj;bat;asm;asmx</Extensions>
    </Filter>
    <Filter Include="헤더 파일">
      <UniqueIdentifier>{93995380-89BD-4b04-88EB-625FBE52EBFB}</UniqueIdentifier>
      <Extensions>h;hh;hpp;hxx;h++;hm;inl;inc;ipp;xsd</Extensions>
    </Filter>
    <Filter Include="리소스 파일">
      <UniqueIdentifier>{67DA6AB6-F800-4c08-8B7A-83BB121AAD01}</UniqueIdentifier>
      <Extensions>rc;ico;cur;bmp;dlg;rc2;rct;bin;rgs;gif;jpg;jpeg;jpe;resx;tiff;tif;png;wav;mfcribbon-ms</Extensions>
    </Filter>
    <Filter Include="소스 파일\KAKAO_BLIND">
      <UniqueIdentifier>{663e9a22-33c4-4691-9ee7-9ac54127b8d6}</UniqueIdentifier>
    </Filter>
    <Filter Include="소스 파일\LEVEL_1">
      <UniqueIdentifier>{e9d49717-dd77-4697-83bd-76d5acfa7bd5}</UniqueIdentifier>
    </Filter>
    <Filter Include="소스 파일\KAKAO_INTERN">
      <UniqueIdentifier>{4f441d73-1374-4e62-a480-fa526f0db7a8}</UniqueIdentifier>
    </Filter>
    <Filter Include="소스 파일\DEV_MATCHING">
      <UniqueIdentifier>{860b1890-3af0-44bf-bd40-046fddc72c81}</UniqueIdentifier>
    </Filter>
    <Filter Include="소스 파일\LEVLE_2">
      <UniqueIdentifier>{a97f1037-ecd3-4ec5-8381-e857444364ad}</UniqueIdentifier>
    </Filter>
    <Filter Include="소스 파일\2022_LINE">
      <UniqueIdentifier>{527c2b25-33f0-452a-823b-b6da4c48caf2}</UniqueIdentifier>
    </Filter>
    <Filter Include="소스 파일\2022_KAKAO">
      <UniqueIdentifier>{870bd450-324e-4f70-8daa-e2bf08172492}</UniqueIdentifier>
    </Filter>
    <Filter Include="소스 파일\HighScoreKit">
      <UniqueIdentifier>{22d14a88-0d2e-4f5e-a4f8-c0f3593b2bae}</UniqueIdentifier>
    </Filter>
    <Filter Include="소스 파일\BOJ">
      <UniqueIdentifier>{8b2f5134-fa4f-4514-b87f-f99a491e5b03}</UniqueIdentifier>
    </Filter>
    <Filter Include="소스 파일\LG_CNS">
      <UniqueIdentifier>{a99e5749-d9e6-4713-9be8-d51f2b1b2624}</UniqueIdentifier>
    </Filter>
    <Filter Include="소스 파일\LEVEL_3">
      <UniqueIdentifier>{281e34b9-7d42-4bf7-9db3-20a7c87aebfd}</UniqueIdentifier>
    </Filter>
    <Filter Include="소스 파일\KAKAO_MOBILITY">
      <UniqueIdentifier>{4546d6e1-a3d3-4a1c-bb9a-63f30b8ad4af}</UniqueIdentifier>
    </Filter>
    <Filter Include="소스 파일\2022_YANOLJA">
      <UniqueIdentifier>{51c10a4c-f8cd-4204-9a65-450ab9652111}</UniqueIdentifier>
    </Filter>
    <Filter Include="소스 파일\BUCKET_PLACE">
      <UniqueIdentifier>{01e8fb48-8107-4138-95f4-d5110ab585ff}</UniqueIdentifier>
    </Filter>
  </ItemGroup>
  <ItemGroup>
    <ClCompile Include="A_Template.cpp">
      <Filter>소스 파일</Filter>
    </ClCompile>
    <ClCompile Include="SelectionSort.cpp">
      <Filter>소스 파일</Filter>
    </ClCompile>
    <ClCompile Include="BubbleSort.cpp">
      <Filter>소스 파일</Filter>
    </ClCompile>
    <ClCompile Include="InsertionSort.cpp">
      <Filter>소스 파일</Filter>
    </ClCompile>
    <ClCompile Include="QuickSort.cpp">
      <Filter>소스 파일</Filter>
    </ClCompile>
    <ClCompile Include="MergeSort.cpp">
      <Filter>소스 파일</Filter>
    </ClCompile>
    <ClCompile Include="Sort-1.cpp">
      <Filter>소스 파일</Filter>
    </ClCompile>
    <ClCompile Include="Sort-2.cpp">
      <Filter>소스 파일</Filter>
    </ClCompile>
    <ClCompile Include="Sort-3.cpp">
      <Filter>소스 파일</Filter>
    </ClCompile>
    <ClCompile Include="Sort-4.cpp">
      <Filter>소스 파일</Filter>
    </ClCompile>
    <ClCompile Include="HeapSort.cpp">
      <Filter>소스 파일</Filter>
    </ClCompile>
    <ClCompile Include="CountingSort.cpp">
      <Filter>소스 파일</Filter>
    </ClCompile>
    <ClCompile Include="BFS.cpp">
      <Filter>소스 파일</Filter>
    </ClCompile>
    <ClCompile Include="DFS.cpp">
      <Filter>소스 파일</Filter>
    </ClCompile>
    <ClCompile Include="UnionFind.cpp">
      <Filter>소스 파일</Filter>
    </ClCompile>
    <ClCompile Include="Kruskal.cpp">
      <Filter>소스 파일</Filter>
    </ClCompile>
    <ClCompile Include="Traversal.cpp">
      <Filter>소스 파일</Filter>
    </ClCompile>
    <ClCompile Include="DP-1.cpp">
      <Filter>소스 파일</Filter>
    </ClCompile>
    <ClCompile Include="DP-Tiling-1.cpp">
      <Filter>소스 파일</Filter>
    </ClCompile>
    <ClCompile Include="DP-Tiling-2.cpp">
      <Filter>소스 파일</Filter>
    </ClCompile>
    <ClCompile Include="DP-Tiling-3.cpp">
      <Filter>소스 파일</Filter>
    </ClCompile>
    <ClCompile Include="PrimeNumber.cpp">
      <Filter>소스 파일</Filter>
    </ClCompile>
    <ClCompile Include="Dijkstra.cpp">
      <Filter>소스 파일</Filter>
    </ClCompile>
    <ClCompile Include="Greedy-Rope.cpp">
      <Filter>소스 파일</Filter>
    </ClCompile>
    <ClCompile Include="Greedy-OneLine.cpp">
      <Filter>소스 파일</Filter>
    </ClCompile>
    <ClCompile Include="Greedy-LostParenthesis.cpp">
      <Filter>소스 파일</Filter>
    </ClCompile>
    <ClCompile Include="Greedy-30.cpp">
      <Filter>소스 파일</Filter>
    </ClCompile>
    <ClCompile Include="Greedy-Newcomer.cpp">
      <Filter>소스 파일</Filter>
    </ClCompile>
    <ClCompile Include="Greedy-Scale.cpp">
      <Filter>소스 파일</Filter>
    </ClCompile>
    <ClCompile Include="Greedy-Knight.cpp">
      <Filter>소스 파일</Filter>
    </ClCompile>
    <ClCompile Include="Greedy-DNA.cpp">
      <Filter>소스 파일</Filter>
    </ClCompile>
    <ClCompile Include="Greedy-MakeItBig.cpp">
      <Filter>소스 파일</Filter>
    </ClCompile>
    <ClCompile Include="BackTracking-NAndM.cpp">
      <Filter>소스 파일</Filter>
    </ClCompile>
    <ClCompile Include="BackTracking-NQueen.cpp">
      <Filter>소스 파일</Filter>
    </ClCompile>
    <ClCompile Include="ReportResult.cpp">
      <Filter>소스 파일\KAKAO_BLIND</Filter>
    </ClCompile>
    <ClCompile Include="MBTI.cpp">
      <Filter>소스 파일\KAKAO_INTERN</Filter>
    </ClCompile>
    <ClCompile Include="NewId.cpp">
      <Filter>소스 파일\KAKAO_BLIND</Filter>
    </ClCompile>
    <ClCompile Include="Level-Test-1.cpp">
      <Filter>소스 파일\LEVEL_1</Filter>
    </ClCompile>
    <ClCompile Include="ClawCrane.cpp">
      <Filter>소스 파일\KAKAO_INTERN</Filter>
    </ClCompile>
    <ClCompile Include="KeyPad.cpp">
      <Filter>소스 파일\KAKAO_INTERN</Filter>
    </ClCompile>
    <ClCompile Include="Marathon.cpp">
      <Filter>소스 파일\LEVEL_1</Filter>
    </ClCompile>
    <ClCompile Include="GymSuit.cpp">
      <Filter>소스 파일\LEVEL_1</Filter>
    </ClCompile>
    <ClCompile Include="Lotto.cpp">
      <Filter>소스 파일\DEV_MATCHING</Filter>
    </ClCompile>
    <ClCompile Include="FailureRate.cpp">
      <Filter>소스 파일\KAKAO_BLIND</Filter>
    </ClCompile>
    <ClCompile Include="QueueSum.cpp">
      <Filter>소스 파일\KAKAO_INTERN</Filter>
    </ClCompile>
    <ClCompile Include="Archery.cpp">
      <Filter>소스 파일\KAKAO_BLIND</Filter>
    </ClCompile>
    <ClCompile Include="ParkingFee.cpp">
      <Filter>소스 파일\KAKAO_BLIND</Filter>
    </ClCompile>
    <ClCompile Include="SecretMap.cpp">
      <Filter>소스 파일\KAKAO_BLIND</Filter>
    </ClCompile>
    <ClCompile Include="K-Prime.cpp">
      <Filter>소스 파일\KAKAO_BLIND</Filter>
    </ClCompile>
    <ClCompile Include="Fatigue.cpp">
      <Filter>소스 파일\LEVLE_2</Filter>
    </ClCompile>
    <ClCompile Include="SliceNNArr.cpp">
      <Filter>소스 파일\LEVLE_2</Filter>
    </ClCompile>
    <ClCompile Include="LINE_1.cpp">
      <Filter>소스 파일\2022_LINE</Filter>
    </ClCompile>
    <ClCompile Include="LINE_2.cpp">
      <Filter>소스 파일\2022_LINE</Filter>
    </ClCompile>
    <ClCompile Include="LINE_3.cpp">
      <Filter>소스 파일\2022_LINE</Filter>
    </ClCompile>
    <ClCompile Include="KAKAO_1.cpp">
      <Filter>소스 파일\2022_KAKAO</Filter>
    </ClCompile>
    <ClCompile Include="KAKAO_3.cpp">
      <Filter>소스 파일\2022_KAKAO</Filter>
    </ClCompile>
    <ClCompile Include="KAKO_2.cpp">
      <Filter>소스 파일\2022_KAKAO</Filter>
    </ClCompile>
    <ClCompile Include="RotateMatrix.cpp">
      <Filter>소스 파일\DEV_MATCHING</Filter>
    </ClCompile>
    <ClCompile Include="ToothBrush.cpp">
      <Filter>소스 파일\DEV_MATCHING</Filter>
    </ClCompile>
    <ClCompile Include="DividePowerGrid-DFS.cpp">
      <Filter>소스 파일\LEVLE_2</Filter>
    </ClCompile>
    <ClCompile Include="DividePowerGrid-UnionFind.cpp">
      <Filter>소스 파일\LEVLE_2</Filter>
    </ClCompile>
    <ClCompile Include="Hash-PhoncketMon.cpp">
      <Filter>소스 파일\HighScoreKit</Filter>
    </ClCompile>
    <ClCompile Include="Hash-PhoneList.cpp">
      <Filter>소스 파일\HighScoreKit</Filter>
    </ClCompile>
    <ClCompile Include="Heap-Spicy.cpp">
      <Filter>소스 파일\HighScoreKit</Filter>
    </ClCompile>
    <ClCompile Include="Sort-LargestNumber.cpp">
      <Filter>소스 파일\HighScoreKit</Filter>
    </ClCompile>
    <ClCompile Include="Sort-H-Index.cpp">
      <Filter>소스 파일\HighScoreKit</Filter>
    </ClCompile>
    <ClCompile Include="BF-FindPrime.cpp">
      <Filter>소스 파일\HighScoreKit</Filter>
    </ClCompile>
    <ClCompile Include="Greedy-JoyStick.cpp">
      <Filter>소스 파일\HighScoreKit</Filter>
    </ClCompile>
    <ClCompile Include="Greedy-MakeLargestNum.cpp">
      <Filter>소스 파일\HighScoreKit</Filter>
    </ClCompile>
    <ClCompile Include="DfsBfs-Network.cpp">
      <Filter>소스 파일\HighScoreKit</Filter>
    </ClCompile>
    <ClCompile Include="UnionFind-Network.cpp">
      <Filter>소스 파일\HighScoreKit</Filter>
    </ClCompile>
    <ClCompile Include="DEV_1.cpp">
      <Filter>소스 파일\DEV_MATCHING</Filter>
    </ClCompile>
    <ClCompile Include="DEV_2.cpp">
      <Filter>소스 파일\DEV_MATCHING</Filter>
    </ClCompile>
    <ClCompile Include="DEV_3.cpp">
      <Filter>소스 파일\DEV_MATCHING</Filter>
    </ClCompile>
    <ClCompile Include="AEIOU.cpp">
      <Filter>소스 파일\LEVLE_2</Filter>
    </ClCompile>
    <ClCompile Include="SocialDistancing.cpp">
      <Filter>소스 파일\KAKAO_INTERN</Filter>
    </ClCompile>
    <ClCompile Include="AnotherBit.cpp">
      <Filter>소스 파일\LEVLE_2</Filter>
    </ClCompile>
    <ClCompile Include="RotateBracket.cpp">
      <Filter>소스 파일\LEVLE_2</Filter>
    </ClCompile>
    <ClCompile Include="RankSearch-SUCCESS.cpp">
      <Filter>소스 파일\KAKAO_BLIND</Filter>
    </ClCompile>
    <ClCompile Include="RankSearch-FAIL.cpp">
      <Filter>소스 파일\KAKAO_BLIND</Filter>
    </ClCompile>
    <ClCompile Include="MenuRenewal-FAIL.cpp">
      <Filter>소스 파일\KAKAO_BLIND</Filter>
    </ClCompile>
    <ClCompile Include="MenuRenewal-SUCCESS.cpp">
      <Filter>소스 파일\KAKAO_BLIND</Filter>
    </ClCompile>
    <ClCompile Include="RepeatBitConverting.cpp">
      <Filter>소스 파일\LEVLE_2</Filter>
    </ClCompile>
    <ClCompile Include="CompressQuad.cpp">
      <Filter>소스 파일\LEVLE_2</Filter>
    </ClCompile>
    <ClCompile Include="TriangleSnail.cpp">
      <Filter>소스 파일\LEVLE_2</Filter>
    </ClCompile>
    <ClCompile Include="MaximizeFormulas.cpp">
      <Filter>소스 파일\KAKAO_INTERN</Filter>
    </ClCompile>
    <ClCompile Include="Tuple.cpp">
      <Filter>소스 파일\KAKAO_INTERN</Filter>
    </ClCompile>
    <ClCompile Include="PlainSquare.cpp">
      <Filter>소스 파일\LEVLE_2</Filter>
    </ClCompile>
    <ClCompile Include="1026-Greedy.cpp">
      <Filter>소스 파일\BOJ</Filter>
    </ClCompile>
    <ClCompile Include="BF-Carpet.cpp">
      <Filter>소스 파일\HighScoreKit</Filter>
    </ClCompile>
    <ClCompile Include="Hash-BestAlbumcpp.cpp">
      <Filter>소스 파일\HighScoreKit</Filter>
    </ClCompile>
    <ClCompile Include="Hash-Camo.cpp">
      <Filter>소스 파일\HighScoreKit</Filter>
    </ClCompile>
    <ClCompile Include="Sort-Kth-Number.cpp">
      <Filter>소스 파일\HighScoreKit</Filter>
    </ClCompile>
    <ClCompile Include="BF-MinimumRectangle.cpp">
      <Filter>소스 파일\HighScoreKit</Filter>
    </ClCompile>
    <ClCompile Include="BF-MockTest.cpp">
      <Filter>소스 파일\HighScoreKit</Filter>
    </ClCompile>
    <ClCompile Include="Greedy-Lifeboat.cpp">
      <Filter>소스 파일\HighScoreKit</Filter>
    </ClCompile>
    <ClCompile Include="Greedy-ConnectingIsland.cpp">
      <Filter>소스 파일\HighScoreKit</Filter>
    </ClCompile>
    <ClCompile Include="SpeedCamera.cpp">
      <Filter>소스 파일\HighScoreKit</Filter>
    </ClCompile>
    <ClCompile Include="DfsBfs-TargetNumber.cpp">
      <Filter>소스 파일\HighScoreKit</Filter>
    </ClCompile>
    <ClCompile Include="DfsBfs-GameMapShortestDistance.cpp">
      <Filter>소스 파일\HighScoreKit</Filter>
    </ClCompile>
    <ClCompile Include="DfsBfs-WordConversion.cpp">
      <Filter>소스 파일\HighScoreKit</Filter>
    </ClCompile>
    <ClCompile Include="DfsBfs-TravelRoute.cpp">
      <Filter>소스 파일\HighScoreKit</Filter>
    </ClCompile>
    <ClCompile Include="BracketConversion.cpp">
      <Filter>소스 파일\KAKAO_BLIND</Filter>
    </ClCompile>
    <ClCompile Include="StringCompression-FAIL.cpp">
      <Filter>소스 파일\KAKAO_BLIND</Filter>
    </ClCompile>
    <ClCompile Include="StringCompression.cpp">
      <Filter>소스 파일\KAKAO_BLIND</Filter>
    </ClCompile>
    <ClCompile Include="13305-Greedy.cpp">
      <Filter>소스 파일\BOJ</Filter>
    </ClCompile>
    <ClCompile Include="2667-BFS.cpp">
      <Filter>소스 파일\BOJ</Filter>
    </ClCompile>
    <ClCompile Include="1753-Graph.cpp">
      <Filter>소스 파일\BOJ</Filter>
    </ClCompile>
    <ClCompile Include="2178-BFS.cpp">
      <Filter>소스 파일\BOJ</Filter>
    </ClCompile>
    <ClCompile Include="2644-DFS.cpp">
      <Filter>소스 파일\BOJ</Filter>
    </ClCompile>
    <ClCompile Include="2644-BFS.cpp">
      <Filter>소스 파일\BOJ</Filter>
    </ClCompile>
    <ClCompile Include="7569-BFS.cpp">
      <Filter>소스 파일\BOJ</Filter>
    </ClCompile>
    <ClCompile Include="5014-BFS.cpp">
      <Filter>소스 파일\BOJ</Filter>
    </ClCompile>
    <ClCompile Include="2468-BFS.cpp">
      <Filter>소스 파일\BOJ</Filter>
    </ClCompile>
    <ClCompile Include="2573-BFS.cpp">
      <Filter>소스 파일\BOJ</Filter>
    </ClCompile>
    <ClCompile Include="9205-DFS.cpp">
      <Filter>소스 파일\BOJ</Filter>
    </ClCompile>
    <ClCompile Include="14503-DFS.cpp">
      <Filter>소스 파일\BOJ</Filter>
    </ClCompile>
    <ClCompile Include="1543-Greedy.cpp">
      <Filter>소스 파일\BOJ</Filter>
    </ClCompile>
    <ClCompile Include="1459-Greedy.cpp">
      <Filter>소스 파일\BOJ</Filter>
    </ClCompile>
    <ClCompile Include="20044-Greedy.cpp">
      <Filter>소스 파일\BOJ</Filter>
    </ClCompile>
    <ClCompile Include="2012-Greedy.cpp">
      <Filter>소스 파일\BOJ</Filter>
    </ClCompile>
    <ClCompile Include="2891-Greedy.cpp">
      <Filter>소스 파일\BOJ</Filter>
    </ClCompile>
    <ClCompile Include="12018-Greedy.cpp">
      <Filter>소스 파일\BOJ</Filter>
    </ClCompile>
    <ClCompile Include="2885-Greedy.cpp">
      <Filter>소스 파일\BOJ</Filter>
    </ClCompile>
    <ClCompile Include="2785-Greedy.cpp">
      <Filter>소스 파일\BOJ</Filter>
    </ClCompile>
    <ClCompile Include="11501-Greedy.cpp">
      <Filter>소스 파일\BOJ</Filter>
    </ClCompile>
    <ClCompile Include="1911-Greedy.cpp">
      <Filter>소스 파일\BOJ</Filter>
    </ClCompile>
    <ClCompile Include="15649-BackTracking-Perm.cpp">
      <Filter>소스 파일\BOJ</Filter>
    </ClCompile>
    <ClCompile Include="9663-BackTracking.cpp">
      <Filter>소스 파일\BOJ</Filter>
    </ClCompile>
    <ClCompile Include="1182-BackTracking.cpp">
      <Filter>소스 파일\BOJ</Filter>
    </ClCompile>
    <ClCompile Include="1182-BackTracking-2.cpp">
      <Filter>소스 파일\BOJ</Filter>
    </ClCompile>
    <ClCompile Include="15650-BackTracking-Combi.cpp">
      <Filter>소스 파일\BOJ</Filter>
    </ClCompile>
    <ClCompile Include="15651-BackTracking-PermRepeat.cpp">
      <Filter>소스 파일\BOJ</Filter>
    </ClCompile>
    <ClCompile Include="15652-BackTracking-CombiRepeat.cpp">
      <Filter>소스 파일\BOJ</Filter>
    </ClCompile>
    <ClCompile Include="15654-BackTracking.cpp">
      <Filter>소스 파일\BOJ</Filter>
    </ClCompile>
    <ClCompile Include="15655-BackTracking.cpp">
      <Filter>소스 파일\BOJ</Filter>
    </ClCompile>
    <ClCompile Include="15656-BackTracking.cpp">
      <Filter>소스 파일\BOJ</Filter>
    </ClCompile>
    <ClCompile Include="15657-BackTracking.cpp">
      <Filter>소스 파일\BOJ</Filter>
    </ClCompile>
    <ClCompile Include="15663-BackTracking.cpp">
      <Filter>소스 파일\BOJ</Filter>
    </ClCompile>
    <ClCompile Include="1931-Greedy.cpp">
      <Filter>소스 파일\BOJ</Filter>
    </ClCompile>
    <ClCompile Include="2217-Greedy.cpp">
      <Filter>소스 파일\BOJ</Filter>
    </ClCompile>
    <ClCompile Include="12865.cpp">
      <Filter>소스 파일\BOJ</Filter>
    </ClCompile>
    <ClCompile Include="15683-Simulation.cpp">
      <Filter>소스 파일\BOJ</Filter>
    </ClCompile>
    <ClCompile Include="18808-Simulation.cpp">
      <Filter>소스 파일\BOJ</Filter>
    </ClCompile>
    <ClCompile Include="15686-Simulation.cpp">
      <Filter>소스 파일\BOJ</Filter>
    </ClCompile>
    <ClCompile Include="LV2-1.cpp">
      <Filter>소스 파일\LEVLE_2</Filter>
    </ClCompile>
    <ClCompile Include="LV2-2.cpp">
      <Filter>소스 파일\LEVLE_2</Filter>
    </ClCompile>
    <ClCompile Include="VisitLength.cpp">
      <Filter>소스 파일\LEVLE_2</Filter>
    </ClCompile>
    <ClCompile Include="SkillTree.cpp">
      <Filter>소스 파일\LEVLE_2</Filter>
    </ClCompile>
    <ClCompile Include="StackQueue-Printer.cpp">
      <Filter>소스 파일\HighScoreKit</Filter>
    </ClCompile>
    <ClCompile Include="StackQueue-Printer-2.cpp">
      <Filter>소스 파일\HighScoreKit</Filter>
    </ClCompile>
    <ClCompile Include="StackQueue-FunctionDevelopment.cpp">
      <Filter>소스 파일\HighScoreKit</Filter>
    </ClCompile>
    <ClCompile Include="StackQueue-FunctionDevelopment-Stack.cpp">
      <Filter>소스 파일\HighScoreKit</Filter>
    </ClCompile>
    <ClCompile Include="StackQueue-BridgeTruck.cpp">
      <Filter>소스 파일</Filter>
    </ClCompile>
    <ClCompile Include="StackQueue-StockPrice.cpp">
      <Filter>소스 파일</Filter>
    </ClCompile>
    <ClCompile Include="NBinaryGame.cpp">
      <Filter>소스 파일\KAKAO_BLIND</Filter>
    </ClCompile>
    <ClCompile Include="FileNameSorting.cpp">
      <Filter>소스 파일\KAKAO_BLIND</Filter>
    </ClCompile>
    <ClCompile Include="FileNameSotring-2.cpp">
      <Filter>소스 파일\KAKAO_BLIND</Filter>
    </ClCompile>
    <ClCompile Include="Compression.cpp">
      <Filter>소스 파일\KAKAO_BLIND</Filter>
    </ClCompile>
    <ClCompile Include="JustNowSong.cpp">
      <Filter>소스 파일\KAKAO_BLIND</Filter>
    </ClCompile>
    <ClCompile Include="Cache.cpp">
      <Filter>소스 파일\KAKAO_BLIND</Filter>
    </ClCompile>
    <ClCompile Include="LG_1.cpp">
      <Filter>소스 파일\LG_CNS</Filter>
    </ClCompile>
    <ClCompile Include="LG_2.cpp">
      <Filter>소스 파일\LG_CNS</Filter>
    </ClCompile>
    <ClCompile Include="LG_3.cpp">
      <Filter>소스 파일\LG_CNS</Filter>
    </ClCompile>
    <ClCompile Include="LG_4.cpp">
      <Filter>소스 파일\LG_CNS</Filter>
    </ClCompile>
    <ClCompile Include="CandidateKey.cpp">
      <Filter>소스 파일\KAKAO_BLIND</Filter>
    </ClCompile>
    <ClCompile Include="OpenChattingRoom.cpp">
      <Filter>소스 파일\KAKAO_BLIND</Filter>
    </ClCompile>
    <ClCompile Include="Friends4Blocks.cpp">
      <Filter>소스 파일\KAKAO_BLIND</Filter>
    </ClCompile>
    <ClCompile Include="NewsClustering.cpp">
      <Filter>소스 파일\KAKAO_BLIND</Filter>
    </ClCompile>
    <ClCompile Include="ExpectedMatchList.cpp">
      <Filter>소스 파일\LEVLE_2</Filter>
    </ClCompile>
    <ClCompile Include="EnglishShiritori.cpp">
      <Filter>소스 파일\LEVLE_2</Filter>
    </ClCompile>
    <ClCompile Include="JumpAndTeleport.cpp">
      <Filter>소스 파일\LEVLE_2</Filter>
    </ClCompile>
    <ClCompile Include="Delivery.cpp">
      <Filter>소스 파일\LEVLE_2</Filter>
    </ClCompile>
    <ClCompile Include="2295-BS.cpp">
      <Filter>소스 파일\BOJ</Filter>
    </ClCompile>
    <ClCompile Include="1654-BS.cpp">
      <Filter>소스 파일\BOJ</Filter>
    </ClCompile>
    <ClCompile Include="2230-TwoPointer.cpp">
      <Filter>소스 파일\BOJ</Filter>
    </ClCompile>
    <ClCompile Include="1806-TwoPointer.cpp">
      <Filter>소스 파일\BOJ</Filter>
    </ClCompile>
    <ClCompile Include="KakaoFriendsColoringBook.cpp">
      <Filter>소스 파일\KAKAO_BLIND</Filter>
    </ClCompile>
    <ClCompile Include="GroupPhoto.cpp">
      <Filter>소스 파일\KAKAO_BLIND</Filter>
    </ClCompile>
    <ClCompile Include="UndestroyedBuilding.cpp">
      <Filter>소스 파일\KAKAO_BLIND</Filter>
    </ClCompile>
    <ClCompile Include="SheepAndWolf.cpp">
      <Filter>소스 파일\KAKAO_BLIND</Filter>
    </ClCompile>
    <ClCompile Include="PriorityQueue.cpp">
      <Filter>소스 파일\LEVEL_3</Filter>
    </ClCompile>
    <ClCompile Include="BestSet.cpp">
      <Filter>소스 파일\LEVEL_3</Filter>
    </ClCompile>
    <ClCompile Include="WorkOvertimeFactor.cpp">
      <Filter>소스 파일\LEVEL_3</Filter>
    </ClCompile>
    <ClCompile Include="NumberGame.cpp">
      <Filter>소스 파일\LEVEL_3</Filter>
    </ClCompile>
    <ClCompile Include="DEV_LAST_1.cpp">
      <Filter>소스 파일\DEV_MATCHING</Filter>
    </ClCompile>
    <ClCompile Include="DEV_LAST_2.cpp">
      <Filter>소스 파일\DEV_MATCHING</Filter>
    </ClCompile>
    <ClCompile Include="KM_1.cpp">
      <Filter>소스 파일\KAKAO_MOBILITY</Filter>
    </ClCompile>
    <ClCompile Include="KM_2.cpp">
      <Filter>소스 파일\KAKAO_MOBILITY</Filter>
    </ClCompile>
    <ClCompile Include="KM_3.cpp">
      <Filter>소스 파일\KAKAO_MOBILITY</Filter>
    </ClCompile>
    <ClCompile Include="BaseStation-Fail.cpp">
      <Filter>소스 파일\LEVEL_3</Filter>
    </ClCompile>
    <ClCompile Include="BaseSation.cpp">
      <Filter>소스 파일\LEVEL_3</Filter>
    </ClCompile>
    <ClCompile Include="BadUser.cpp">
      <Filter>소스 파일\KAKAO_INTERN</Filter>
    </ClCompile>
    <ClCompile Include="JewelryShopping-FAIL.cpp">
      <Filter>소스 파일\KAKAO_INTERN</Filter>
    </ClCompile>
    <ClCompile Include="JewelryShopping-TwoPointer.cpp">
      <Filter>소스 파일\KAKAO_INTERN</Filter>
    </ClCompile>
    <ClCompile Include="SteppingStone-FAIL-1.cpp">
      <Filter>소스 파일\KAKAO_INTERN</Filter>
    </ClCompile>
    <ClCompile Include="SteppingStone-FAIL-2.cpp">
      <Filter>소스 파일\KAKAO_INTERN</Filter>
    </ClCompile>
    <ClCompile Include="SteppingStone-FAIL-3.cpp">
      <Filter>소스 파일\KAKAO_INTERN</Filter>
    </ClCompile>
    <ClCompile Include="SteppingStone.cpp">
      <Filter>소스 파일\KAKAO_INTERN</Filter>
    </ClCompile>
    <ClCompile Include="SteppingStone-Set.cpp">
      <Filter>소스 파일\KAKAO_INTERN</Filter>
    </ClCompile>
    <ClCompile Include="CollectSticker.cpp">
      <Filter>소스 파일\LEVEL_3</Filter>
    </ClCompile>
    <ClCompile Include="TheFarthestNode.cpp">
      <Filter>소스 파일\LEVEL_3</Filter>
    </ClCompile>
    <ClCompile Include="DiskController-FAIL.cpp">
      <Filter>소스 파일\LEVEL_3</Filter>
    </ClCompile>
    <ClCompile Include="DiskController.cpp">
      <Filter>소스 파일\LEVEL_3</Filter>
    </ClCompile>
    <ClCompile Include="DiscountEvent.cpp">
      <Filter>소스 파일\LEVLE_2</Filter>
    </ClCompile>
    <ClCompile Include="SharedTaxiFare-Floyd.cpp">
      <Filter>소스 파일\KAKAO_BLIND</Filter>
    </ClCompile>
    <ClCompile Include="FloydWarshall.cpp">
      <Filter>소스 파일</Filter>
    </ClCompile>
    <ClCompile Include="CreateRacecourse.cpp">
      <Filter>소스 파일\KAKAO_INTERN</Filter>
    </ClCompile>
    <ClCompile Include="Y_1.cpp">
      <Filter>소스 파일\2022_YANOLJA</Filter>
    </ClCompile>
    <ClCompile Include="Y_2.cpp">
      <Filter>소스 파일\2022_YANOLJA</Filter>
    </ClCompile>
    <ClCompile Include="Y_3.cpp">
      <Filter>소스 파일\2022_YANOLJA</Filter>
    </ClCompile>
    <ClCompile Include="Immigration.cpp">
      <Filter>소스 파일\LEVEL_3</Filter>
    </ClCompile>
    <ClCompile Include="TheLongestPalindrome.cpp">
      <Filter>소스 파일\LEVEL_3</Filter>
    </ClCompile>
    <ClCompile Include="ShuttleBus.cpp">
      <Filter>소스 파일\KAKAO_BLIND</Filter>
    </ClCompile>
    <ClCompile Include="LockAndKey.cpp">
      <Filter>소스 파일\KAKAO_BLIND</Filter>
    </ClCompile>
    <ClCompile Include="Rank.cpp">
      <Filter>소스 파일\LEVEL_3</Filter>
    </ClCompile>
    <ClCompile Include="BurstingBalloon.cpp">
      <Filter>소스 파일\LEVEL_3</Filter>
    </ClCompile>
    <ClCompile Include="PairOffRemove.cpp">
      <Filter>소스 파일\LEVLE_2</Filter>
    </ClCompile>
    <ClCompile Include="FindRoadGame.cpp">
      <Filter>소스 파일\LEVEL_3</Filter>
    </ClCompile>
    <ClCompile Include="LV3_1.cpp">
      <Filter>소스 파일\LEVEL_3</Filter>
    </ClCompile>
    <ClCompile Include="LV3_2.cpp">
      <Filter>소스 파일\LEVEL_3</Filter>
    </ClCompile>
    <ClCompile Include="EditingTable-VECTOR-TIMEOUT.cpp">
      <Filter>소스 파일\KAKAO_INTERN</Filter>
    </ClCompile>
    <ClCompile Include="EditingTable-SET-TIMEOUT.cpp">
      <Filter>소스 파일\KAKAO_INTERN</Filter>
    </ClCompile>
    <ClCompile Include="EditingTable.cpp">
      <Filter>소스 파일\KAKAO_INTERN</Filter>
    </ClCompile>
    <ClCompile Include="InstallColumnAndDam.cpp">
      <Filter>소스 파일\KAKAO_BLIND</Filter>
    </ClCompile>
    <ClCompile Include="InsertAdvertisement.cpp">
      <Filter>소스 파일\KAKAO_BLIND</Filter>
    </ClCompile>
    <ClCompile Include="CheckOuterWall.cpp">
      <Filter>소스 파일\KAKAO_BLIND</Filter>
    </ClCompile>
    <ClCompile Include="MoveBlock.cpp">
      <Filter>소스 파일\KAKAO_BLIND</Filter>
    </ClCompile>
    <ClCompile Include="PlayingAloneMaster.cpp">
      <Filter>소스 파일\LEVLE_2</Filter>
    </ClCompile>
    <ClCompile Include="NumberOfPartialSequenceSum.cpp">
      <Filter>소스 파일\LEVLE_2</Filter>
    </ClCompile>
    <ClCompile Include="DeliveryBox.cpp">
      <Filter>소스 파일\LEVLE_2</Filter>
    </ClCompile>
    <ClCompile Include="CuttingRollcake.cpp">
      <Filter>소스 파일\LEVLE_2</Filter>
    </ClCompile>
    <ClCompile Include="HailSequenceIntegral.cpp">
      <Filter>소스 파일\LEVLE_2</Filter>
    </ClCompile>
    <ClCompile Include="DivideNumberCard.cpp">
      <Filter>소스 파일\LEVLE_2</Filter>
    </ClCompile>
    <ClCompile Include="1699-DP.cpp">
      <Filter>소스 파일\BOJ</Filter>
    </ClCompile>
    <ClCompile Include="ChoiceMandarine.cpp">
      <Filter>소스 파일\LEVLE_2</Filter>
    </ClCompile>
    <ClCompile Include="DrawDot.cpp">
      <Filter>소스 파일\LEVLE_2</Filter>
    </ClCompile>
    <ClCompile Include="DefenseGame.cpp">
      <Filter>소스 파일\LEVLE_2</Filter>
    </ClCompile>
  </ItemGroup>
</Project>